
Microsoft Visual Studio Solution File, Format Version 12.00
# Visual Studio Version 17
VisualStudioVersion = 17.6.33815.320
MinimumVisualStudioVersion = 10.0.40219.1
Project("{9A19103F-16F7-4668-BE54-9A1E7A4F7556}") = "SneakerCollection.API", "SneakerCollection.API\SneakerCollection.API.csproj", "{0DFE1CBC-8CBD-4811-9A87-2CAFAF4CD3E1}"
EndProject
Project("{9A19103F-16F7-4668-BE54-9A1E7A4F7556}") = "SneakerCollection.Application", "SneakerCollection.Application\SneakerCollection.Application.csproj", "{10DF317E-AE8F-4572-B801-F972FEF2D055}"
EndProject
Project("{9A19103F-16F7-4668-BE54-9A1E7A4F7556}") = "SneakerCollection.Infrastructure", "SneakerCollection.Infrastructure\SneakerCollection.Infrastructure.csproj", "{AAD42357-7C1E-4B13-8B34-81BD40EC99D6}"
EndProject
Project("{9A19103F-16F7-4668-BE54-9A1E7A4F7556}") = "SneakerCollection.Domain", "SneakerCollection.Domain\SneakerCollection.Domain.csproj", "{2E1C51A5-66E2-447B-A81B-9EAE7F7EE343}"
EndProject
Project("{FAE04EC0-301F-11D3-BF4B-00C04F79EFBC}") = "SneakerCollection.Test", "SneakerCollection.Test\SneakerCollection.Test.csproj", "{E2DE3201-1709-41D8-BCA0-B496A1D164BE}"
EndProject
Global
	GlobalSection(SolutionConfigurationPlatforms) = preSolution
		Debug|Any CPU = Debug|Any CPU
		Release|Any CPU = Release|Any CPU
	EndGlobalSection
	GlobalSection(ProjectConfigurationPlatforms) = postSolution
		{0DFE1CBC-8CBD-4811-9A87-2CAFAF4CD3E1}.Debug|Any CPU.ActiveCfg = Debug|Any CPU
		{0DFE1CBC-8CBD-4811-9A87-2CAFAF4CD3E1}.Debug|Any CPU.Build.0 = Debug|Any CPU
		{0DFE1CBC-8CBD-4811-9A87-2CAFAF4CD3E1}.Release|Any CPU.ActiveCfg = Release|Any CPU
		{0DFE1CBC-8CBD-4811-9A87-2CAFAF4CD3E1}.Release|Any CPU.Build.0 = Release|Any CPU
		{10DF317E-AE8F-4572-B801-F972FEF2D055}.Debug|Any CPU.ActiveCfg = Debug|Any CPU
		{10DF317E-AE8F-4572-B801-F972FEF2D055}.Debug|Any CPU.Build.0 = Debug|Any CPU
		{10DF317E-AE8F-4572-B801-F972FEF2D055}.Release|Any CPU.ActiveCfg = Release|Any CPU
		{10DF317E-AE8F-4572-B801-F972FEF2D055}.Release|Any CPU.Build.0 = Release|Any CPU
		{AAD42357-7C1E-4B13-8B34-81BD40EC99D6}.Debug|Any CPU.ActiveCfg = Debug|Any CPU
		{AAD42357-7C1E-4B13-8B34-81BD40EC99D6}.Debug|Any CPU.Build.0 = Debug|Any CPU
		{AAD42357-7C1E-4B13-8B34-81BD40EC99D6}.Release|Any CPU.ActiveCfg = Release|Any CPU
		{AAD42357-7C1E-4B13-8B34-81BD40EC99D6}.Release|Any CPU.Build.0 = Release|Any CPU
		{2E1C51A5-66E2-447B-A81B-9EAE7F7EE343}.Debug|Any CPU.ActiveCfg = Debug|Any CPU
		{2E1C51A5-66E2-447B-A81B-9EAE7F7EE343}.Debug|Any CPU.Build.0 = Debug|Any CPU
		{2E1C51A5-66E2-447B-A81B-9EAE7F7EE343}.Release|Any CPU.ActiveCfg = Release|Any CPU
		{2E1C51A5-66E2-447B-A81B-9EAE7F7EE343}.Release|Any CPU.Build.0 = Release|Any CPU
		{E2DE3201-1709-41D8-BCA0-B496A1D164BE}.Debug|Any CPU.ActiveCfg = Debug|Any CPU
		{E2DE3201-1709-41D8-BCA0-B496A1D164BE}.Debug|Any CPU.Build.0 = Debug|Any CPU
		{E2DE3201-1709-41D8-BCA0-B496A1D164BE}.Release|Any CPU.ActiveCfg = Release|Any CPU
		{E2DE3201-1709-41D8-BCA0-B496A1D164BE}.Release|Any CPU.Build.0 = Release|Any CPU
	EndGlobalSection
	GlobalSection(SolutionProperties) = preSolution
		HideSolutionNode = FALSE
	EndGlobalSection
	GlobalSection(ExtensibilityGlobals) = postSolution
		SolutionGuid = {63C13999-C4AE-4909-9D0F-A6CEA21A7092}
	EndGlobalSection
EndGlobal
